
Microsoft Visual Studio Solution File, Format Version 12.00
# Visual Studio Version 17
VisualStudioVersion = 17.5.33424.131
MinimumVisualStudioVersion = 10.0.40219.1
Project("{FAE04EC0-301F-11D3-BF4B-00C04F79EFBC}") = "AnimalHierarchy", "AnimalHierarchy\AnimalHierarchy.csproj", "{68ECD6B8-BC32-49C7-8F9D-B9372D58C4B4}"
EndProject
Global
	GlobalSection(SolutionConfigurationPlatforms) = preSolution
		Debug|Any CPU = Debug|Any CPU
		Release|Any CPU = Release|Any CPU
	EndGlobalSection
	GlobalSection(ProjectConfigurationPlatforms) = postSolution
		{68ECD6B8-BC32-49C7-8F9D-B9372D58C4B4}.Debug|Any CPU.ActiveCfg = Debug|Any CPU
		{68ECD6B8-BC32-49C7-8F9D-B9372D58C4B4}.Debug|Any CPU.Build.0 = Debug|Any CPU
		{68ECD6B8-BC32-49C7-8F9D-B9372D58C4B4}.Release|Any CPU.ActiveCfg = Release|Any CPU
		{68ECD6B8-BC32-49C7-8F9D-B9372D58C4B4}.Release|Any CPU.Build.0 = Release|Any CPU
	EndGlobalSection
	GlobalSection(SolutionProperties) = preSolution
		HideSolutionNode = FALSE
	EndGlobalSection
	GlobalSection(ExtensibilityGlobals) = postSolution
		SolutionGuid = {00CE93A4-60D1-4FBB-96B8-6143FDC99ED1}
	EndGlobalSection
EndGlobal
